{
    "name": "orbital-eye",
    "version": "0.0.1",
    "lockfileVersion": 3,
    "requires": true,
    "packages": {
        "": {
            "name": "orbital-eye",
            "version": "0.0.1",
            "dependencies": {
                "@orbital-eye/e01-visualize": "file:",
                "orbital-eye": "file:"
            }
        },
        "node_modules/@orbital-eye/e01-visualize": {
            "resolved": "",
            "link": true
        },
        "node_modules/orbital-eye": {
            "resolved": "",
            "link": true
        }
    }
}
